{
  "object": {
    "pins": [
      {
        "package": "Cepoll",
        "repositoryURL": "https://github.com/tannerdsilva/Cepoll.git",
        "state": {
          "branch": "master",
          "revision": "8082c69e7ab97849a3f1f26f64d8bcfbcd5e750d",
          "version": null
        }
      }
    ]
  },
  "version": 1
}
